
Microsoft Visual Studio Solution File, Format Version 12.00
# Visual Studio Version 16
VisualStudioVersion = 16.0.31005.135
MinimumVisualStudioVersion = 10.0.40219.1
Project("{9A19103F-16F7-4668-BE54-9A1E7A4F7556}") = "ControlExpert.Xef", "ControlExpert.Xef\ControlExpert.Xef.csproj", "{11FB1C3D-E072-4CD6-BD0E-4EA0CE0C7DBE}"
EndProject
Project("{9A19103F-16F7-4668-BE54-9A1E7A4F7556}") = "ControlExpert.XefTests", "ControlExpert.XefTests\ControlExpert.XefTests.csproj", "{0198ECAF-D401-4384-9322-223CA6D3E39A}"
EndProject
Global
	GlobalSection(SolutionConfigurationPlatforms) = preSolution
		Debug|Any CPU = Debug|Any CPU
		Release|Any CPU = Release|Any CPU
	EndGlobalSection
	GlobalSection(ProjectConfigurationPlatforms) = postSolution
		{11FB1C3D-E072-4CD6-BD0E-4EA0CE0C7DBE}.Debug|Any CPU.ActiveCfg = Debug|Any CPU
		{11FB1C3D-E072-4CD6-BD0E-4EA0CE0C7DBE}.Debug|Any CPU.Build.0 = Debug|Any CPU
		{11FB1C3D-E072-4CD6-BD0E-4EA0CE0C7DBE}.Release|Any CPU.ActiveCfg = Release|Any CPU
		{11FB1C3D-E072-4CD6-BD0E-4EA0CE0C7DBE}.Release|Any CPU.Build.0 = Release|Any CPU
		{0198ECAF-D401-4384-9322-223CA6D3E39A}.Debug|Any CPU.ActiveCfg = Debug|Any CPU
		{0198ECAF-D401-4384-9322-223CA6D3E39A}.Debug|Any CPU.Build.0 = Debug|Any CPU
		{0198ECAF-D401-4384-9322-223CA6D3E39A}.Release|Any CPU.ActiveCfg = Release|Any CPU
		{0198ECAF-D401-4384-9322-223CA6D3E39A}.Release|Any CPU.Build.0 = Release|Any CPU
	EndGlobalSection
	GlobalSection(SolutionProperties) = preSolution
		HideSolutionNode = FALSE
	EndGlobalSection
	GlobalSection(ExtensibilityGlobals) = postSolution
		SolutionGuid = {1F67BCAC-29AE-4DEB-AB2C-32FF2BB58CC6}
	EndGlobalSection
EndGlobal
